
Microsoft Visual Studio Solution File, Format Version 11.00
# Visual C# Express 2010
Project("{FAE04EC0-301F-11D3-BF4B-00C04F79EFBC}") = "sms", "sms\sms.csproj", "{0ECB506D-3DFD-4B3E-98AF-86EC32591F9B}"
EndProject
Global
	GlobalSection(SolutionConfigurationPlatforms) = preSolution
		Debug|x86 = Debug|x86
		Release|x86 = Release|x86
	EndGlobalSection
	GlobalSection(ProjectConfigurationPlatforms) = postSolution
		{0ECB506D-3DFD-4B3E-98AF-86EC32591F9B}.Debug|x86.ActiveCfg = Debug|x86
		{0ECB506D-3DFD-4B3E-98AF-86EC32591F9B}.Debug|x86.Build.0 = Debug|x86
		{0ECB506D-3DFD-4B3E-98AF-86EC32591F9B}.Release|x86.ActiveCfg = Release|x86
		{0ECB506D-3DFD-4B3E-98AF-86EC32591F9B}.Release|x86.Build.0 = Release|x86
	EndGlobalSection
	GlobalSection(SolutionProperties) = preSolution
		HideSolutionNode = FALSE
	EndGlobalSection
EndGlobal
